// !$*UTF8*$!
{
	archiveVersion = 1;
	classes = {
	};
	objectVersion = 55;
	objects = {

/* Begin PBXBuildFile section */
		5022255127C3BC0600E3B4D5 /* AppDelegate.swift in Sources */ = {isa = PBXBuildFile; fileRef = 5022255027C3BC0600E3B4D5 /* AppDelegate.swift */; };
		5022255327C3BC0600E3B4D5 /* SceneDelegate.swift in Sources */ = {isa = PBXBuildFile; fileRef = 5022255227C3BC0600E3B4D5 /* SceneDelegate.swift */; };
		5022255827C3BC0600E3B4D5 /* Main.storyboard in Resources */ = {isa = PBXBuildFile; fileRef = 5022255627C3BC0600E3B4D5 /* Main.storyboard */; };
		5022255A27C3BC0C00E3B4D5 /* Assets.xcassets in Resources */ = {isa = PBXBuildFile; fileRef = 5022255927C3BC0C00E3B4D5 /* Assets.xcassets */; };
		5022255D27C3BC0C00E3B4D5 /* LaunchScreen.storyboard in Resources */ = {isa = PBXBuildFile; fileRef = 5022255B27C3BC0C00E3B4D5 /* LaunchScreen.storyboard */; };
		5022256527C3BC6C00E3B4D5 /* News.swift in Sources */ = {isa = PBXBuildFile; fileRef = 5022256427C3BC6C00E3B4D5 /* News.swift */; };
		5022256727C3BC8E00E3B4D5 /* NetworkManager.swift in Sources */ = {isa = PBXBuildFile; fileRef = 5022256627C3BC8E00E3B4D5 /* NetworkManager.swift */; };
		5022256927C3BC9A00E3B4D5 /* ImageManager.swift in Sources */ = {isa = PBXBuildFile; fileRef = 5022256827C3BC9A00E3B4D5 /* ImageManager.swift */; };
		5022256B27C3CDEE00E3B4D5 /* Constants.swift in Sources */ = {isa = PBXBuildFile; fileRef = 5022256A27C3CDEE00E3B4D5 /* Constants.swift */; };
		5022256F27C3CE3700E3B4D5 /* NewsListTableViewController.swift in Sources */ = {isa = PBXBuildFile; fileRef = 5022256E27C3CE3700E3B4D5 /* NewsListTableViewController.swift */; };
		5022257127C3CE4400E3B4D5 /* NewsListPresenter.swift in Sources */ = {isa = PBXBuildFile; fileRef = 5022257027C3CE4400E3B4D5 /* NewsListPresenter.swift */; };
		5022257327C3CE5200E3B4D5 /* NewsListInteractor.swift in Sources */ = {isa = PBXBuildFile; fileRef = 5022257227C3CE5200E3B4D5 /* NewsListInteractor.swift */; };
		5022257527C3CE6500E3B4D5 /* NewsListRouter.swift in Sources */ = {isa = PBXBuildFile; fileRef = 5022257427C3CE6500E3B4D5 /* NewsListRouter.swift */; };
		5022257727C3CE7300E3B4D5 /* NewsListConfigurator.swift in Sources */ = {isa = PBXBuildFile; fileRef = 5022257627C3CE7300E3B4D5 /* NewsListConfigurator.swift */; };
		5022257A27C3CEC900E3B4D5 /* NewsTableViewCell.swift in Sources */ = {isa = PBXBuildFile; fileRef = 5022257927C3CEC900E3B4D5 /* NewsTableViewCell.swift */; };
		5022257C27C3CEF900E3B4D5 /* NewsCellViewModel.swift in Sources */ = {isa = PBXBuildFile; fileRef = 5022257B27C3CEF900E3B4D5 /* NewsCellViewModel.swift */; };
		5022257E27C3E10D00E3B4D5 /* DataManager.swift in Sources */ = {isa = PBXBuildFile; fileRef = 5022257D27C3E10D00E3B4D5 /* DataManager.swift */; };
/* End PBXBuildFile section */

/* Begin PBXFileReference section */
		5022254D27C3BC0600E3B4D5 /* NewsApp-VIPER.app */ = {isa = PBXFileReference; explicitFileType = wrapper.application; includeInIndex = 0; path = "NewsApp-VIPER.app"; sourceTree = BUILT_PRODUCTS_DIR; };
		5022255027C3BC0600E3B4D5 /* AppDelegate.swift */ = {isa = PBXFileReference; lastKnownFileType = sourcecode.swift; path = AppDelegate.swift; sourceTree = "<group>"; };
		5022255227C3BC0600E3B4D5 /* SceneDelegate.swift */ = {isa = PBXFileReference; lastKnownFileType = sourcecode.swift; path = SceneDelegate.swift; sourceTree = "<group>"; };
		5022255727C3BC0600E3B4D5 /* Base */ = {isa = PBXFileReference; lastKnownFileType = file.storyboard; name = Base; path = Base.lproj/Main.storyboard; sourceTree = "<group>"; };
		5022255927C3BC0C00E3B4D5 /* Assets.xcassets */ = {isa = PBXFileReference; lastKnownFileType = folder.assetcatalog; path = Assets.xcassets; sourceTree = "<group>"; };
		5022255C27C3BC0C00E3B4D5 /* Base */ = {isa = PBXFileReference; lastKnownFileType = file.storyboard; name = Base; path = Base.lproj/LaunchScreen.storyboard; sourceTree = "<group>"; };
		5022255E27C3BC0C00E3B4D5 /* Info.plist */ = {isa = PBXFileReference; lastKnownFileType = text.plist.xml; path = Info.plist; sourceTree = "<group>"; };
		5022256427C3BC6C00E3B4D5 /* News.swift */ = {isa = PBXFileReference; lastKnownFileType = sourcecode.swift; path = News.swift; sourceTree = "<group>"; };
		5022256627C3BC8E00E3B4D5 /* NetworkManager.swift */ = {isa = PBXFileReference; lastKnownFileType = sourcecode.swift; path = NetworkManager.swift; sourceTree = "<group>"; };
		5022256827C3BC9A00E3B4D5 /* ImageManager.swift */ = {isa = PBXFileReference; lastKnownFileType = sourcecode.swift; path = ImageManager.swift; sourceTree = "<group>"; };
		5022256A27C3CDEE00E3B4D5 /* Constants.swift */ = {isa = PBXFileReference; lastKnownFileType = sourcecode.swift; path = Constants.swift; sourceTree = "<group>"; };
		5022256E27C3CE3700E3B4D5 /* NewsListTableViewController.swift */ = {isa = PBXFileReference; lastKnownFileType = sourcecode.swift; path = NewsListTableViewController.swift; sourceTree = "<group>"; };
		5022257027C3CE4400E3B4D5 /* NewsListPresenter.swift */ = {isa = PBXFileReference; lastKnownFileType = sourcecode.swift; path = NewsListPresenter.swift; sourceTree = "<group>"; };
		5022257227C3CE5200E3B4D5 /* NewsListInteractor.swift */ = {isa = PBXFileReference; lastKnownFileType = sourcecode.swift; path = NewsListInteractor.swift; sourceTree = "<group>"; };
		5022257427C3CE6500E3B4D5 /* NewsListRouter.swift */ = {isa = PBXFileReference; lastKnownFileType = sourcecode.swift; path = NewsListRouter.swift; sourceTree = "<group>"; };
		5022257627C3CE7300E3B4D5 /* NewsListConfigurator.swift */ = {isa = PBXFileReference; lastKnownFileType = sourcecode.swift; path = NewsListConfigurator.swift; sourceTree = "<group>"; };
		5022257927C3CEC900E3B4D5 /* NewsTableViewCell.swift */ = {isa = PBXFileReference; lastKnownFileType = sourcecode.swift; path = NewsTableViewCell.swift; sourceTree = "<group>"; };
		5022257B27C3CEF900E3B4D5 /* NewsCellViewModel.swift */ = {isa = PBXFileReference; lastKnownFileType = sourcecode.swift; path = NewsCellViewModel.swift; sourceTree = "<group>"; };
		5022257D27C3E10D00E3B4D5 /* DataManager.swift */ = {isa = PBXFileReference; lastKnownFileType = sourcecode.swift; path = DataManager.swift; sourceTree = "<group>"; };
/* End PBXFileReference section */

/* Begin PBXFrameworksBuildPhase section */
		5022254A27C3BC0600E3B4D5 /* Frameworks */ = {
			isa = PBXFrameworksBuildPhase;
			buildActionMask = 2147483647;
			files = (
			);
			runOnlyForDeploymentPostprocessing = 0;
		};
/* End PBXFrameworksBuildPhase section */

/* Begin PBXGroup section */
		5022254427C3BC0600E3B4D5 = {
			isa = PBXGroup;
			children = (
				5022254F27C3BC0600E3B4D5 /* NewsApp-VIPER */,
				5022254E27C3BC0600E3B4D5 /* Products */,
			);
			sourceTree = "<group>";
		};
		5022254E27C3BC0600E3B4D5 /* Products */ = {
			isa = PBXGroup;
			children = (
				5022254D27C3BC0600E3B4D5 /* NewsApp-VIPER.app */,
			);
			name = Products;
			sourceTree = "<group>";
		};
		5022254F27C3BC0600E3B4D5 /* NewsApp-VIPER */ = {
			isa = PBXGroup;
			children = (
				5022257827C3CEAB00E3B4D5 /* NewsTableViewCell */,
				5022256E27C3CE3700E3B4D5 /* NewsListTableViewController.swift */,
				5022257027C3CE4400E3B4D5 /* NewsListPresenter.swift */,
				5022257227C3CE5200E3B4D5 /* NewsListInteractor.swift */,
				5022257427C3CE6500E3B4D5 /* NewsListRouter.swift */,
				5022257627C3CE7300E3B4D5 /* NewsListConfigurator.swift */,
				5022256427C3BC6C00E3B4D5 /* News.swift */,
				5022256627C3BC8E00E3B4D5 /* NetworkManager.swift */,
				5022256827C3BC9A00E3B4D5 /* ImageManager.swift */,
				5022257D27C3E10D00E3B4D5 /* DataManager.swift */,
				5022256A27C3CDEE00E3B4D5 /* Constants.swift */,
				5022255027C3BC0600E3B4D5 /* AppDelegate.swift */,
				5022255227C3BC0600E3B4D5 /* SceneDelegate.swift */,
				5022255627C3BC0600E3B4D5 /* Main.storyboard */,
				5022255927C3BC0C00E3B4D5 /* Assets.xcassets */,
				5022255B27C3BC0C00E3B4D5 /* LaunchScreen.storyboard */,
				5022255E27C3BC0C00E3B4D5 /* Info.plist */,
			);
			path = "NewsApp-VIPER";
			sourceTree = "<group>";
		};
		5022257827C3CEAB00E3B4D5 /* NewsTableViewCell */ = {
			isa = PBXGroup;
			children = (
				5022257927C3CEC900E3B4D5 /* NewsTableViewCell.swift */,
				5022257B27C3CEF900E3B4D5 /* NewsCellViewModel.swift */,
			);
			path = NewsTableViewCell;
			sourceTree = "<group>";
		};
/* End PBXGroup section */

/* Begin PBXNativeTarget section */
		5022254C27C3BC0600E3B4D5 /* NewsApp-VIPER */ = {
			isa = PBXNativeTarget;
			buildConfigurationList = 5022256127C3BC0C00E3B4D5 /* Build configuration list for PBXNativeTarget "NewsApp-VIPER" */;
			buildPhases = (
				5022254927C3BC0600E3B4D5 /* Sources */,
				5022254A27C3BC0600E3B4D5 /* Frameworks */,
				5022254B27C3BC0600E3B4D5 /* Resources */,
			);
			buildRules = (
			);
			dependencies = (
			);
			name = "NewsApp-VIPER";
			productName = "NewsApp-VIPER";
			productReference = 5022254D27C3BC0600E3B4D5 /* NewsApp-VIPER.app */;
			productType = "com.apple.product-type.application";
		};
/* End PBXNativeTarget section */

/* Begin PBXProject section */
		5022254527C3BC0600E3B4D5 /* Project object */ = {
			isa = PBXProject;
			attributes = {
				BuildIndependentTargetsInParallel = 1;
				LastSwiftUpdateCheck = 1320;
				LastUpgradeCheck = 1320;
				TargetAttributes = {
					5022254C27C3BC0600E3B4D5 = {
						CreatedOnToolsVersion = 13.2.1;
					};
				};
			};
			buildConfigurationList = 5022254827C3BC0600E3B4D5 /* Build configuration list for PBXProject "NewsApp-VIPER" */;
			compatibilityVersion = "Xcode 13.0";
			developmentRegion = en;
			hasScannedForEncodings = 0;
			knownRegions = (
				en,
				Base,
			);
			mainGroup = 5022254427C3BC0600E3B4D5;
			productRefGroup = 5022254E27C3BC0600E3B4D5 /* Products */;
			projectDirPath = "";
			projectRoot = "";
			targets = (
				5022254C27C3BC0600E3B4D5 /* NewsApp-VIPER */,
			);
		};
/* End PBXProject section */

/* Begin PBXResourcesBuildPhase section */
		5022254B27C3BC0600E3B4D5 /* Resources */ = {
			isa = PBXResourcesBuildPhase;
			buildActionMask = 2147483647;
			files = (
				5022255D27C3BC0C00E3B4D5 /* LaunchScreen.storyboard in Resources */,
				5022255A27C3BC0C00E3B4D5 /* Assets.xcassets in Resources */,
				5022255827C3BC0600E3B4D5 /* Main.storyboard in Resources */,
			);
			runOnlyForDeploymentPostprocessing = 0;
		};
/* End PBXResourcesBuildPhase section */

/* Begin PBXSourcesBuildPhase section */
		5022254927C3BC0600E3B4D5 /* Sources */ = {
			isa = PBXSourcesBuildPhase;
			buildActionMask = 2147483647;
			files = (
				5022255127C3BC0600E3B4D5 /* AppDelegate.swift in Sources */,
				5022257727C3CE7300E3B4D5 /* NewsListConfigurator.swift in Sources */,
				5022257C27C3CEF900E3B4D5 /* NewsCellViewModel.swift in Sources */,
				5022257E27C3E10D00E3B4D5 /* DataManager.swift in Sources */,
				5022257A27C3CEC900E3B4D5 /* NewsTableViewCell.swift in Sources */,
				5022257327C3CE5200E3B4D5 /* NewsListInteractor.swift in Sources */,
				5022256727C3BC8E00E3B4D5 /* NetworkManager.swift in Sources */,
				5022256F27C3CE3700E3B4D5 /* NewsListTableViewController.swift in Sources */,
				5022257127C3CE4400E3B4D5 /* NewsListPresenter.swift in Sources */,
				5022257527C3CE6500E3B4D5 /* NewsListRouter.swift in Sources */,
				5022256927C3BC9A00E3B4D5 /* ImageManager.swift in Sources */,
				5022256B27C3CDEE00E3B4D5 /* Constants.swift in Sources */,
				5022255327C3BC0600E3B4D5 /* SceneDelegate.swift in Sources */,
				5022256527C3BC6C00E3B4D5 /* News.swift in Sources */,
			);
			runOnlyForDeploymentPostprocessing = 0;
		};
/* End PBXSourcesBuildPhase section */

/* Begin PBXVariantGroup section */
		5022255627C3BC0600E3B4D5 /* Main.storyboard */ = {
			isa = PBXVariantGroup;
			children = (
				5022255727C3BC0600E3B4D5 /* Base */,
			);
			name = Main.storyboard;
			sourceTree = "<group>";
		};
		5022255B27C3BC0C00E3B4D5 /* LaunchScreen.storyboard */ = {
			isa = PBXVariantGroup;
			children = (
				5022255C27C3BC0C00E3B4D5 /* Base */,
			);
			name = LaunchScreen.storyboard;
			sourceTree = "<group>";
		};
/* End PBXVariantGroup section */

/* Begin XCBuildConfiguration section */
		5022255F27C3BC0C00E3B4D5 /* Debug */ = {
			isa = XCBuildConfiguration;
			buildSettings = {
				ALWAYS_SEARCH_USER_PATHS = NO;
				CLANG_ANALYZER_NONNULL = YES;
				CLANG_ANALYZER_NUMBER_OBJECT_CONVERSION = YES_AGGRESSIVE;
				CLANG_CXX_LANGUAGE_STANDARD = "gnu++17";
				CLANG_CXX_LIBRARY = "libc++";
				CLANG_ENABLE_MODULES = YES;
				CLANG_ENABLE_OBJC_ARC = YES;
				CLANG_ENABLE_OBJC_WEAK = YES;
				CLANG_WARN_BLOCK_CAPTURE_AUTORELEASING = YES;
				CLANG_WARN_BOOL_CONVERSION = YES;
				CLANG_WARN_COMMA = YES;
				CLANG_WARN_CONSTANT_CONVERSION = YES;
				CLANG_WARN_DEPRECATED_OBJC_IMPLEMENTATIONS = YES;
				CLANG_WARN_DIRECT_OBJC_ISA_USAGE = YES_ERROR;
				CLANG_WARN_DOCUMENTATION_COMMENTS = YES;
				CLANG_WARN_EMPTY_BODY = YES;
				CLANG_WARN_ENUM_CONVERSION = YES;
				CLANG_WARN_INFINITE_RECURSION = YES;
				CLANG_WARN_INT_CONVERSION = YES;
				CLANG_WARN_NON_LITERAL_NULL_CONVERSION = YES;
				CLANG_WARN_OBJC_IMPLICIT_RETAIN_SELF = YES;
				CLANG_WARN_OBJC_LITERAL_CONVERSION = YES;
				CLANG_WARN_OBJC_ROOT_CLASS = YES_ERROR;
				CLANG_WARN_QUOTED_INCLUDE_IN_FRAMEWORK_HEADER = YES;
				CLANG_WARN_RANGE_LOOP_ANALYSIS = YES;
				CLANG_WARN_STRICT_PROTOTYPES = YES;
				CLANG_WARN_SUSPICIOUS_MOVE = YES;
				CLANG_WARN_UNGUARDED_AVAILABILITY = YES_AGGRESSIVE;
				CLANG_WARN_UNREACHABLE_CODE = YES;
				CLANG_WARN__DUPLICATE_METHOD_MATCH = YES;
				COPY_PHASE_STRIP = NO;
				DEBUG_INFORMATION_FORMAT = dwarf;
				ENABLE_STRICT_OBJC_MSGSEND = YES;
				ENABLE_TESTABILITY = YES;
				GCC_C_LANGUAGE_STANDARD = gnu11;
				GCC_DYNAMIC_NO_PIC = NO;
				GCC_NO_COMMON_BLOCKS = YES;
				GCC_OPTIMIZATION_LEVEL = 0;
				GCC_PREPROCESSOR_DEFINITIONS = (
					"DEBUG=1",
					"$(inherited)",
				);
				GCC_WARN_64_TO_32_BIT_CONVERSION = YES;
				GCC_WARN_ABOUT_RETURN_TYPE = YES_ERROR;
				GCC_WARN_UNDECLARED_SELECTOR = YES;
				GCC_WARN_UNINITIALIZED_AUTOS = YES_AGGRESSIVE;
				GCC_WARN_UNUSED_FUNCTION = YES;
				GCC_WARN_UNUSED_VARIABLE = YES;
				IPHONEOS_DEPLOYMENT_TARGET = 15.2;
				MTL_ENABLE_DEBUG_INFO = INCLUDE_SOURCE;
				MTL_FAST_MATH = YES;
				ONLY_ACTIVE_ARCH = YES;
				SDKROOT = iphoneos;
				SWIFT_ACTIVE_COMPILATION_CONDITIONS = DEBUG;
				SWIFT_OPTIMIZATION_LEVEL = "-Onone";
			};
			name = Debug;
		};
		5022256027C3BC0C00E3B4D5 /* Release */ = {
			isa = XCBuildConfiguration;
			buildSettings = {
				ALWAYS_SEARCH_USER_PATHS = NO;
				CLANG_ANALYZER_NONNULL = YES;
				CLANG_ANALYZER_NUMBER_OBJECT_CONVERSION = YES_AGGRESSIVE;
				CLANG_CXX_LANGUAGE_STANDARD = "gnu++17";
				CLANG_CXX_LIBRARY = "libc++";
				CLANG_ENABLE_MODULES = YES;
				CLANG_ENABLE_OBJC_ARC = YES;
				CLANG_ENABLE_OBJC_WEAK = YES;
				CLANG_WARN_BLOCK_CAPTURE_AUTORELEASING = YES;
				CLANG_WARN_BOOL_CONVERSION = YES;
				CLANG_WARN_COMMA = YES;
				CLANG_WARN_CONSTANT_CONVERSION = YES;
				CLANG_WARN_DEPRECATED_OBJC_IMPLEMENTATIONS = YES;
				CLANG_WARN_DIRECT_OBJC_ISA_USAGE = YES_ERROR;
				CLANG_WARN_DOCUMENTATION_COMMENTS = YES;
				CLANG_WARN_EMPTY_BODY = YES;
				CLANG_WARN_ENUM_CONVERSION = YES;
				CLANG_WARN_INFINITE_RECURSION = YES;
				CLANG_WARN_INT_CONVERSION = YES;
				CLANG_WARN_NON_LITERAL_NULL_CONVERSION = YES;
				CLANG_WARN_OBJC_IMPLICIT_RETAIN_SELF = YES;
				CLANG_WARN_OBJC_LITERAL_CONVERSION = YES;
				CLANG_WARN_OBJC_ROOT_CLASS = YES_ERROR;
				CLANG_WARN_QUOTED_INCLUDE_IN_FRAMEWORK_HEADER = YES;
				CLANG_WARN_RANGE_LOOP_ANALYSIS = YES;
				CLANG_WARN_STRICT_PROTOTYPES = YES;
				CLANG_WARN_SUSPICIOUS_MOVE = YES;
				CLANG_WARN_UNGUARDED_AVAILABILITY = YES_AGGRESSIVE;
				CLANG_WARN_UNREACHABLE_CODE = YES;
				CLANG_WARN__DUPLICATE_METHOD_MATCH = YES;
				COPY_PHASE_STRIP = NO;
				DEBUG_INFORMATION_FORMAT = "dwarf-with-dsym";
				ENABLE_NS_ASSERTIONS = NO;
				ENABLE_STRICT_OBJC_MSGSEND = YES;
				GCC_C_LANGUAGE_STANDARD = gnu11;
				GCC_NO_COMMON_BLOCKS = YES;
				GCC_WARN_64_TO_32_BIT_CONVERSION = YES;
				GCC_WARN_ABOUT_RETURN_TYPE = YES_ERROR;
				GCC_WARN_UNDECLARED_SELECTOR = YES;
				GCC_WARN_UNINITIALIZED_AUTOS = YES_AGGRESSIVE;
				GCC_WARN_UNUSED_FUNCTION = YES;
				GCC_WARN_UNUSED_VARIABLE = YES;
				IPHONEOS_DEPLOYMENT_TARGET = 15.2;
				MTL_ENABLE_DEBUG_INFO = NO;
				MTL_FAST_MATH = YES;
				SDKROOT = iphoneos;
				SWIFT_COMPILATION_MODE = wholemodule;
				SWIFT_OPTIMIZATION_LEVEL = "-O";
				VALIDATE_PRODUCT = YES;
			};
			name = Release;
		};
		5022256227C3BC0C00E3B4D5 /* Debug */ = {
			isa = XCBuildConfiguration;
			buildSettings = {
				ASSETCATALOG_COMPILER_APPICON_NAME = AppIcon;
				ASSETCATALOG_COMPILER_GLOBAL_ACCENT_COLOR_NAME = AccentColor;
				CODE_SIGN_STYLE = Automatic;
				CURRENT_PROJECT_VERSION = 1;
				GENERATE_INFOPLIST_FILE = YES;
				INFOPLIST_FILE = "NewsApp-VIPER/Info.plist";
				INFOPLIST_KEY_UIApplicationSupportsIndirectInputEvents = YES;
				INFOPLIST_KEY_UILaunchStoryboardName = LaunchScreen;
				INFOPLIST_KEY_UIMainStoryboardFile = Main;
				INFOPLIST_KEY_UISupportedInterfaceOrientations_iPad = "UIInterfaceOrientationPortrait UIInterfaceOrientationPortraitUpsideDown UIInterfaceOrientationLandscapeLeft UIInterfaceOrientationLandscapeRight";
				INFOPLIST_KEY_UISupportedInterfaceOrientations_iPhone = "UIInterfaceOrientationPortrait UIInterfaceOrientationLandscapeLeft UIInterfaceOrientationLandscapeRight";
				LD_RUNPATH_SEARCH_PATHS = (
					"$(inherited)",
					"@executable_path/Frameworks",
				);
				MARKETING_VERSION = 1.0;
				PRODUCT_BUNDLE_IDENTIFIER = "shinov-96-mail.ru.NewsApp-VIPER";
				PRODUCT_NAME = "$(TARGET_NAME)";
				SWIFT_EMIT_LOC_STRINGS = YES;
				SWIFT_VERSION = 5.0;
				TARGETED_DEVICE_FAMILY = "1,2";
			};
			name = Debug;
		};
		5022256327C3BC0C00E3B4D5 /* Release */ = {
			isa = XCBuildConfiguration;
			buildSettings = {
				ASSETCATALOG_COMPILER_APPICON_NAME = AppIcon;
				ASSETCATALOG_COMPILER_GLOBAL_ACCENT_COLOR_NAME = AccentColor;
				CODE_SIGN_STYLE = Automatic;
				CURRENT_PROJECT_VERSION = 1;
				GENERATE_INFOPLIST_FILE = YES;
				INFOPLIST_FILE = "NewsApp-VIPER/Info.plist";
				INFOPLIST_KEY_UIApplicationSupportsIndirectInputEvents = YES;
				INFOPLIST_KEY_UILaunchStoryboardName = LaunchScreen;
				INFOPLIST_KEY_UIMainStoryboardFile = Main;
				INFOPLIST_KEY_UISupportedInterfaceOrientations_iPad = "UIInterfaceOrientationPortrait UIInterfaceOrientationPortraitUpsideDown UIInterfaceOrientationLandscapeLeft UIInterfaceOrientationLandscapeRight";
				INFOPLIST_KEY_UISupportedInterfaceOrientations_iPhone = "UIInterfaceOrientationPortrait UIInterfaceOrientationLandscapeLeft UIInterfaceOrientationLandscapeRight";
				LD_RUNPATH_SEARCH_PATHS = (
					"$(inherited)",
					"@executable_path/Frameworks",
				);
				MARKETING_VERSION = 1.0;
				PRODUCT_BUNDLE_IDENTIFIER = "shinov-96-mail.ru.NewsApp-VIPER";
				PRODUCT_NAME = "$(TARGET_NAME)";
				SWIFT_EMIT_LOC_STRINGS = YES;
				SWIFT_VERSION = 5.0;
				TARGETED_DEVICE_FAMILY = "1,2";
			};
			name = Release;
		};
/* End XCBuildConfiguration section */

/* Begin XCConfigurationList section */
		5022254827C3BC0600E3B4D5 /* Build configuration list for PBXProject "NewsApp-VIPER" */ = {
			isa = XCConfigurationList;
			buildConfigurations = (
				5022255F27C3BC0C00E3B4D5 /* Debug */,
				5022256027C3BC0C00E3B4D5 /* Release */,
			);
			defaultConfigurationIsVisible = 0;
			defaultConfigurationName = Release;
		};
		5022256127C3BC0C00E3B4D5 /* Build configuration list for PBXNativeTarget "NewsApp-VIPER" */ = {
			isa = XCConfigurationList;
			buildConfigurations = (
				5022256227C3BC0C00E3B4D5 /* Debug */,
				5022256327C3BC0C00E3B4D5 /* Release */,
			);
			defaultConfigurationIsVisible = 0;
			defaultConfigurationName = Release;
		};
/* End XCConfigurationList section */
	};
	rootObject = 5022254527C3BC0600E3B4D5 /* Project object */;
}
